// !$*UTF8*$!
{
	archiveVersion = 1;
	classes = {
	};
	objectVersion = 55;
	objects = {

/* Begin PBXBuildFile section */
		B18618E327EFDE2D0033EC8D /* AppDelegate.swift in Sources */ = {isa = PBXBuildFile; fileRef = B18618E227EFDE2D0033EC8D /* AppDelegate.swift */; };
		B18618E527EFDE2D0033EC8D /* SceneDelegate.swift in Sources */ = {isa = PBXBuildFile; fileRef = B18618E427EFDE2D0033EC8D /* SceneDelegate.swift */; };
		B18618E727EFDE2D0033EC8D /* HomeViewController.swift in Sources */ = {isa = PBXBuildFile; fileRef = B18618E627EFDE2D0033EC8D /* HomeViewController.swift */; };
		B18618EC27EFDE2F0033EC8D /* Assets.xcassets in Resources */ = {isa = PBXBuildFile; fileRef = B18618EB27EFDE2F0033EC8D /* Assets.xcassets */; };
		B18618EF27EFDE2F0033EC8D /* LaunchScreen.storyboard in Resources */ = {isa = PBXBuildFile; fileRef = B18618ED27EFDE2F0033EC8D /* LaunchScreen.storyboard */; };
		B18618FA27EFDE2F0033EC8D /* myJornalTests.swift in Sources */ = {isa = PBXBuildFile; fileRef = B18618F927EFDE2F0033EC8D /* myJornalTests.swift */; };
		B186190427EFDE2F0033EC8D /* myJornalUITests.swift in Sources */ = {isa = PBXBuildFile; fileRef = B186190327EFDE2F0033EC8D /* myJornalUITests.swift */; };
		B186190627EFDE2F0033EC8D /* myJornalUITestsLaunchTests.swift in Sources */ = {isa = PBXBuildFile; fileRef = B186190527EFDE2F0033EC8D /* myJornalUITestsLaunchTests.swift */; };
/* End PBXBuildFile section */

/* Begin PBXContainerItemProxy section */
		B18618F627EFDE2F0033EC8D /* PBXContainerItemProxy */ = {
			isa = PBXContainerItemProxy;
			containerPortal = B18618D727EFDE2D0033EC8D /* Project object */;
			proxyType = 1;
			remoteGlobalIDString = B18618DE27EFDE2D0033EC8D;
			remoteInfo = myJornal;
		};
		B186190027EFDE2F0033EC8D /* PBXContainerItemProxy */ = {
			isa = PBXContainerItemProxy;
			containerPortal = B18618D727EFDE2D0033EC8D /* Project object */;
			proxyType = 1;
			remoteGlobalIDString = B18618DE27EFDE2D0033EC8D;
			remoteInfo = myJornal;
		};
/* End PBXContainerItemProxy section */

/* Begin PBXFileReference section */
		B18618DF27EFDE2D0033EC8D /* myJornal.app */ = {isa = PBXFileReference; explicitFileType = wrapper.application; includeInIndex = 0; path = myJornal.app; sourceTree = BUILT_PRODUCTS_DIR; };
		B18618E227EFDE2D0033EC8D /* AppDelegate.swift */ = {isa = PBXFileReference; lastKnownFileType = sourcecode.swift; path = AppDelegate.swift; sourceTree = "<group>"; };
		B18618E427EFDE2D0033EC8D /* SceneDelegate.swift */ = {isa = PBXFileReference; lastKnownFileType = sourcecode.swift; path = SceneDelegate.swift; sourceTree = "<group>"; };
		B18618E627EFDE2D0033EC8D /* HomeViewController.swift */ = {isa = PBXFileReference; lastKnownFileType = sourcecode.swift; path = HomeViewController.swift; sourceTree = "<group>"; };
		B18618EB27EFDE2F0033EC8D /* Assets.xcassets */ = {isa = PBXFileReference; lastKnownFileType = folder.assetcatalog; path = Assets.xcassets; sourceTree = "<group>"; };
		B18618EE27EFDE2F0033EC8D /* Base */ = {isa = PBXFileReference; lastKnownFileType = file.storyboard; name = Base; path = Base.lproj/LaunchScreen.storyboard; sourceTree = "<group>"; };
		B18618F027EFDE2F0033EC8D /* Info.plist */ = {isa = PBXFileReference; lastKnownFileType = text.plist.xml; path = Info.plist; sourceTree = "<group>"; };
		B18618F527EFDE2F0033EC8D /* myJornalTests.xctest */ = {isa = PBXFileReference; explicitFileType = wrapper.cfbundle; includeInIndex = 0; path = myJornalTests.xctest; sourceTree = BUILT_PRODUCTS_DIR; };
		B18618F927EFDE2F0033EC8D /* myJornalTests.swift */ = {isa = PBXFileReference; lastKnownFileType = sourcecode.swift; path = myJornalTests.swift; sourceTree = "<group>"; };
		B18618FF27EFDE2F0033EC8D /* myJornalUITests.xctest */ = {isa = PBXFileReference; explicitFileType = wrapper.cfbundle; includeInIndex = 0; path = myJornalUITests.xctest; sourceTree = BUILT_PRODUCTS_DIR; };
		B186190327EFDE2F0033EC8D /* myJornalUITests.swift */ = {isa = PBXFileReference; lastKnownFileType = sourcecode.swift; path = myJornalUITests.swift; sourceTree = "<group>"; };
		B186190527EFDE2F0033EC8D /* myJornalUITestsLaunchTests.swift */ = {isa = PBXFileReference; lastKnownFileType = sourcecode.swift; path = myJornalUITestsLaunchTests.swift; sourceTree = "<group>"; };
/* End PBXFileReference section */

/* Begin PBXFrameworksBuildPhase section */
		B18618DC27EFDE2D0033EC8D /* Frameworks */ = {
			isa = PBXFrameworksBuildPhase;
			buildActionMask = 2147483647;
			files = (
			);
			runOnlyForDeploymentPostprocessing = 0;
		};
		B18618F227EFDE2F0033EC8D /* Frameworks */ = {
			isa = PBXFrameworksBuildPhase;
			buildActionMask = 2147483647;
			files = (
			);
			runOnlyForDeploymentPostprocessing = 0;
		};
		B18618FC27EFDE2F0033EC8D /* Frameworks */ = {
			isa = PBXFrameworksBuildPhase;
			buildActionMask = 2147483647;
			files = (
			);
			runOnlyForDeploymentPostprocessing = 0;
		};
/* End PBXFrameworksBuildPhase section */

/* Begin PBXGroup section */
		B18618D627EFDE2D0033EC8D = {
			isa = PBXGroup;
			children = (
				B18618E127EFDE2D0033EC8D /* myJornal */,
				B18618F827EFDE2F0033EC8D /* myJornalTests */,
				B186190227EFDE2F0033EC8D /* myJornalUITests */,
				B18618E027EFDE2D0033EC8D /* Products */,
			);
			sourceTree = "<group>";
		};
		B18618E027EFDE2D0033EC8D /* Products */ = {
			isa = PBXGroup;
			children = (
				B18618DF27EFDE2D0033EC8D /* myJornal.app */,
				B18618F527EFDE2F0033EC8D /* myJornalTests.xctest */,
				B18618FF27EFDE2F0033EC8D /* myJornalUITests.xctest */,
			);
			name = Products;
			sourceTree = "<group>";
		};
		B18618E127EFDE2D0033EC8D /* myJornal */ = {
			isa = PBXGroup;
			children = (
				B18618E227EFDE2D0033EC8D /* AppDelegate.swift */,
				B18618E427EFDE2D0033EC8D /* SceneDelegate.swift */,
				B18618E627EFDE2D0033EC8D /* HomeViewController.swift */,
				B18618EB27EFDE2F0033EC8D /* Assets.xcassets */,
				B18618ED27EFDE2F0033EC8D /* LaunchScreen.storyboard */,
				B18618F027EFDE2F0033EC8D /* Info.plist */,
			);
			path = myJornal;
			sourceTree = "<group>";
		};
		B18618F827EFDE2F0033EC8D /* myJornalTests */ = {
			isa = PBXGroup;
			children = (
				B18618F927EFDE2F0033EC8D /* myJornalTests.swift */,
			);
			path = myJornalTests;
			sourceTree = "<group>";
		};
		B186190227EFDE2F0033EC8D /* myJornalUITests */ = {
			isa = PBXGroup;
			children = (
				B186190327EFDE2F0033EC8D /* myJornalUITests.swift */,
				B186190527EFDE2F0033EC8D /* myJornalUITestsLaunchTests.swift */,
			);
			path = myJornalUITests;
			sourceTree = "<group>";
		};
/* End PBXGroup section */

/* Begin PBXNativeTarget section */
		B18618DE27EFDE2D0033EC8D /* myJornal */ = {
			isa = PBXNativeTarget;
			buildConfigurationList = B186190927EFDE2F0033EC8D /* Build configuration list for PBXNativeTarget "myJornal" */;
			buildPhases = (
				B18618DB27EFDE2D0033EC8D /* Sources */,
				B18618DC27EFDE2D0033EC8D /* Frameworks */,
				B18618DD27EFDE2D0033EC8D /* Resources */,
			);
			buildRules = (
			);
			dependencies = (
			);
			name = myJornal;
			productName = myJornal;
			productReference = B18618DF27EFDE2D0033EC8D /* myJornal.app */;
			productType = "com.apple.product-type.application";
		};
		B18618F427EFDE2F0033EC8D /* myJornalTests */ = {
			isa = PBXNativeTarget;
			buildConfigurationList = B186190C27EFDE2F0033EC8D /* Build configuration list for PBXNativeTarget "myJornalTests" */;
			buildPhases = (
				B18618F127EFDE2F0033EC8D /* Sources */,
				B18618F227EFDE2F0033EC8D /* Frameworks */,
				B18618F327EFDE2F0033EC8D /* Resources */,
			);
			buildRules = (
			);
			dependencies = (
				B18618F727EFDE2F0033EC8D /* PBXTargetDependency */,
			);
			name = myJornalTests;
			productName = myJornalTests;
			productReference = B18618F527EFDE2F0033EC8D /* myJornalTests.xctest */;
			productType = "com.apple.product-type.bundle.unit-test";
		};
		B18618FE27EFDE2F0033EC8D /* myJornalUITests */ = {
			isa = PBXNativeTarget;
			buildConfigurationList = B186190F27EFDE2F0033EC8D /* Build configuration list for PBXNativeTarget "myJornalUITests" */;
			buildPhases = (
				B18618FB27EFDE2F0033EC8D /* Sources */,
				B18618FC27EFDE2F0033EC8D /* Frameworks */,
				B18618FD27EFDE2F0033EC8D /* Resources */,
			);
			buildRules = (
			);
			dependencies = (
				B186190127EFDE2F0033EC8D /* PBXTargetDependency */,
			);
			name = myJornalUITests;
			productName = myJornalUITests;
			productReference = B18618FF27EFDE2F0033EC8D /* myJornalUITests.xctest */;
			productType = "com.apple.product-type.bundle.ui-testing";
		};
/* End PBXNativeTarget section */

/* Begin PBXProject section */
		B18618D727EFDE2D0033EC8D /* Project object */ = {
			isa = PBXProject;
			attributes = {
				BuildIndependentTargetsInParallel = 1;
				LastSwiftUpdateCheck = 1320;
				LastUpgradeCheck = 1320;
				TargetAttributes = {
					B18618DE27EFDE2D0033EC8D = {
						CreatedOnToolsVersion = 13.2.1;
					};
					B18618F427EFDE2F0033EC8D = {
						CreatedOnToolsVersion = 13.2.1;
						TestTargetID = B18618DE27EFDE2D0033EC8D;
					};
					B18618FE27EFDE2F0033EC8D = {
						CreatedOnToolsVersion = 13.2.1;
						TestTargetID = B18618DE27EFDE2D0033EC8D;
					};
				};
			};
			buildConfigurationList = B18618DA27EFDE2D0033EC8D /* Build configuration list for PBXProject "myJornal" */;
			compatibilityVersion = "Xcode 13.0";
			developmentRegion = en;
			hasScannedForEncodings = 0;
			knownRegions = (
				en,
				Base,
			);
			mainGroup = B18618D627EFDE2D0033EC8D;
			productRefGroup = B18618E027EFDE2D0033EC8D /* Products */;
			projectDirPath = "";
			projectRoot = "";
			targets = (
				B18618DE27EFDE2D0033EC8D /* myJornal */,
				B18618F427EFDE2F0033EC8D /* myJornalTests */,
				B18618FE27EFDE2F0033EC8D /* myJornalUITests */,
			);
		};
/* End PBXProject section */

/* Begin PBXResourcesBuildPhase section */
		B18618DD27EFDE2D0033EC8D /* Resources */ = {
			isa = PBXResourcesBuildPhase;
			buildActionMask = 2147483647;
			files = (
				B18618EF27EFDE2F0033EC8D /* LaunchScreen.storyboard in Resources */,
				B18618EC27EFDE2F0033EC8D /* Assets.xcassets in Resources */,
			);
			runOnlyForDeploymentPostprocessing = 0;
		};
		B18618F327EFDE2F0033EC8D /* Resources */ = {
			isa = PBXResourcesBuildPhase;
			buildActionMask = 2147483647;
			files = (
			);
			runOnlyForDeploymentPostprocessing = 0;
		};
		B18618FD27EFDE2F0033EC8D /* Resources */ = {
			isa = PBXResourcesBuildPhase;
			buildActionMask = 2147483647;
			files = (
			);
			runOnlyForDeploymentPostprocessing = 0;
		};
/* End PBXResourcesBuildPhase section */

/* Begin PBXSourcesBuildPhase section */
		B18618DB27EFDE2D0033EC8D /* Sources */ = {
			isa = PBXSourcesBuildPhase;
			buildActionMask = 2147483647;
			files = (
				B18618E727EFDE2D0033EC8D /* HomeViewController.swift in Sources */,
				B18618E327EFDE2D0033EC8D /* AppDelegate.swift in Sources */,
				B18618E527EFDE2D0033EC8D /* SceneDelegate.swift in Sources */,
			);
			runOnlyForDeploymentPostprocessing = 0;
		};
		B18618F127EFDE2F0033EC8D /* Sources */ = {
			isa = PBXSourcesBuildPhase;
			buildActionMask = 2147483647;
			files = (
				B18618FA27EFDE2F0033EC8D /* myJornalTests.swift in Sources */,
			);
			runOnlyForDeploymentPostprocessing = 0;
		};
		B18618FB27EFDE2F0033EC8D /* Sources */ = {
			isa = PBXSourcesBuildPhase;
			buildActionMask = 2147483647;
			files = (
				B186190627EFDE2F0033EC8D /* myJornalUITestsLaunchTests.swift in Sources */,
				B186190427EFDE2F0033EC8D /* myJornalUITests.swift in Sources */,
			);
			runOnlyForDeploymentPostprocessing = 0;
		};
/* End PBXSourcesBuildPhase section */

/* Begin PBXTargetDependency section */
		B18618F727EFDE2F0033EC8D /* PBXTargetDependency */ = {
			isa = PBXTargetDependency;
			target = B18618DE27EFDE2D0033EC8D /* myJornal */;
			targetProxy = B18618F627EFDE2F0033EC8D /* PBXContainerItemProxy */;
		};
		B186190127EFDE2F0033EC8D /* PBXTargetDependency */ = {
			isa = PBXTargetDependency;
			target = B18618DE27EFDE2D0033EC8D /* myJornal */;
			targetProxy = B186190027EFDE2F0033EC8D /* PBXContainerItemProxy */;
		};
/* End PBXTargetDependency section */

/* Begin PBXVariantGroup section */
		B18618ED27EFDE2F0033EC8D /* LaunchScreen.storyboard */ = {
			isa = PBXVariantGroup;
			children = (
				B18618EE27EFDE2F0033EC8D /* Base */,
			);
			name = LaunchScreen.storyboard;
			sourceTree = "<group>";
		};
/* End PBXVariantGroup section */

/* Begin XCBuildConfiguration section */
		B186190727EFDE2F0033EC8D /* Debug */ = {
			isa = XCBuildConfiguration;
			buildSettings = {
				ALWAYS_SEARCH_USER_PATHS = NO;
				CLANG_ANALYZER_NONNULL = YES;
				CLANG_ANALYZER_NUMBER_OBJECT_CONVERSION = YES_AGGRESSIVE;
				CLANG_CXX_LANGUAGE_STANDARD = "gnu++17";
				CLANG_CXX_LIBRARY = "libc++";
				CLANG_ENABLE_MODULES = YES;
				CLANG_ENABLE_OBJC_ARC = YES;
				CLANG_ENABLE_OBJC_WEAK = YES;
				CLANG_WARN_BLOCK_CAPTURE_AUTORELEASING = YES;
				CLANG_WARN_BOOL_CONVERSION = YES;
				CLANG_WARN_COMMA = YES;
				CLANG_WARN_CONSTANT_CONVERSION = YES;
				CLANG_WARN_DEPRECATED_OBJC_IMPLEMENTATIONS = YES;
				CLANG_WARN_DIRECT_OBJC_ISA_USAGE = YES_ERROR;
				CLANG_WARN_DOCUMENTATION_COMMENTS = YES;
				CLANG_WARN_EMPTY_BODY = YES;
				CLANG_WARN_ENUM_CONVERSION = YES;
				CLANG_WARN_INFINITE_RECURSION = YES;
				CLANG_WARN_INT_CONVERSION = YES;
				CLANG_WARN_NON_LITERAL_NULL_CONVERSION = YES;
				CLANG_WARN_OBJC_IMPLICIT_RETAIN_SELF = YES;
				CLANG_WARN_OBJC_LITERAL_CONVERSION = YES;
				CLANG_WARN_OBJC_ROOT_CLASS = YES_ERROR;
				CLANG_WARN_QUOTED_INCLUDE_IN_FRAMEWORK_HEADER = YES;
				CLANG_WARN_RANGE_LOOP_ANALYSIS = YES;
				CLANG_WARN_STRICT_PROTOTYPES = YES;
				CLANG_WARN_SUSPICIOUS_MOVE = YES;
				CLANG_WARN_UNGUARDED_AVAILABILITY = YES_AGGRESSIVE;
				CLANG_WARN_UNREACHABLE_CODE = YES;
				CLANG_WARN__DUPLICATE_METHOD_MATCH = YES;
				COPY_PHASE_STRIP = NO;
				DEBUG_INFORMATION_FORMAT = dwarf;
				ENABLE_STRICT_OBJC_MSGSEND = YES;
				ENABLE_TESTABILITY = YES;
				GCC_C_LANGUAGE_STANDARD = gnu11;
				GCC_DYNAMIC_NO_PIC = NO;
				GCC_NO_COMMON_BLOCKS = YES;
				GCC_OPTIMIZATION_LEVEL = 0;
				GCC_PREPROCESSOR_DEFINITIONS = (
					"DEBUG=1",
					"$(inherited)",
				);
				GCC_WARN_64_TO_32_BIT_CONVERSION = YES;
				GCC_WARN_ABOUT_RETURN_TYPE = YES_ERROR;
				GCC_WARN_UNDECLARED_SELECTOR = YES;
				GCC_WARN_UNINITIALIZED_AUTOS = YES_AGGRESSIVE;
				GCC_WARN_UNUSED_FUNCTION = YES;
				GCC_WARN_UNUSED_VARIABLE = YES;
				IPHONEOS_DEPLOYMENT_TARGET = 15.2;
				MTL_ENABLE_DEBUG_INFO = INCLUDE_SOURCE;
				MTL_FAST_MATH = YES;
				ONLY_ACTIVE_ARCH = YES;
				SDKROOT = iphoneos;
				SWIFT_ACTIVE_COMPILATION_CONDITIONS = DEBUG;
				SWIFT_OPTIMIZATION_LEVEL = "-Onone";
			};
			name = Debug;
		};
		B186190827EFDE2F0033EC8D /* Release */ = {
			isa = XCBuildConfiguration;
			buildSettings = {
				ALWAYS_SEARCH_USER_PATHS = NO;
				CLANG_ANALYZER_NONNULL = YES;
				CLANG_ANALYZER_NUMBER_OBJECT_CONVERSION = YES_AGGRESSIVE;
				CLANG_CXX_LANGUAGE_STANDARD = "gnu++17";
				CLANG_CXX_LIBRARY = "libc++";
				CLANG_ENABLE_MODULES = YES;
				CLANG_ENABLE_OBJC_ARC = YES;
				CLANG_ENABLE_OBJC_WEAK = YES;
				CLANG_WARN_BLOCK_CAPTURE_AUTORELEASING = YES;
				CLANG_WARN_BOOL_CONVERSION = YES;
				CLANG_WARN_COMMA = YES;
				CLANG_WARN_CONSTANT_CONVERSION = YES;
				CLANG_WARN_DEPRECATED_OBJC_IMPLEMENTATIONS = YES;
				CLANG_WARN_DIRECT_OBJC_ISA_USAGE = YES_ERROR;
				CLANG_WARN_DOCUMENTATION_COMMENTS = YES;
				CLANG_WARN_EMPTY_BODY = YES;
				CLANG_WARN_ENUM_CONVERSION = YES;
				CLANG_WARN_INFINITE_RECURSION = YES;
				CLANG_WARN_INT_CONVERSION = YES;
				CLANG_WARN_NON_LITERAL_NULL_CONVERSION = YES;
				CLANG_WARN_OBJC_IMPLICIT_RETAIN_SELF = YES;
				CLANG_WARN_OBJC_LITERAL_CONVERSION = YES;
				CLANG_WARN_OBJC_ROOT_CLASS = YES_ERROR;
				CLANG_WARN_QUOTED_INCLUDE_IN_FRAMEWORK_HEADER = YES;
				CLANG_WARN_RANGE_LOOP_ANALYSIS = YES;
				CLANG_WARN_STRICT_PROTOTYPES = YES;
				CLANG_WARN_SUSPICIOUS_MOVE = YES;
				CLANG_WARN_UNGUARDED_AVAILABILITY = YES_AGGRESSIVE;
				CLANG_WARN_UNREACHABLE_CODE = YES;
				CLANG_WARN__DUPLICATE_METHOD_MATCH = YES;
				COPY_PHASE_STRIP = NO;
				DEBUG_INFORMATION_FORMAT = "dwarf-with-dsym";
				ENABLE_NS_ASSERTIONS = NO;
				ENABLE_STRICT_OBJC_MSGSEND = YES;
				GCC_C_LANGUAGE_STANDARD = gnu11;
				GCC_NO_COMMON_BLOCKS = YES;
				GCC_WARN_64_TO_32_BIT_CONVERSION = YES;
				GCC_WARN_ABOUT_RETURN_TYPE = YES_ERROR;
				GCC_WARN_UNDECLARED_SELECTOR = YES;
				GCC_WARN_UNINITIALIZED_AUTOS = YES_AGGRESSIVE;
				GCC_WARN_UNUSED_FUNCTION = YES;
				GCC_WARN_UNUSED_VARIABLE = YES;
				IPHONEOS_DEPLOYMENT_TARGET = 15.2;
				MTL_ENABLE_DEBUG_INFO = NO;
				MTL_FAST_MATH = YES;
				SDKROOT = iphoneos;
				SWIFT_COMPILATION_MODE = wholemodule;
				SWIFT_OPTIMIZATION_LEVEL = "-O";
				VALIDATE_PRODUCT = YES;
			};
			name = Release;
		};
		B186190A27EFDE2F0033EC8D /* Debug */ = {
			isa = XCBuildConfiguration;
			buildSettings = {
				ASSETCATALOG_COMPILER_APPICON_NAME = AppIcon;
				ASSETCATALOG_COMPILER_GLOBAL_ACCENT_COLOR_NAME = AccentColor;
				CODE_SIGN_STYLE = Automatic;
				CURRENT_PROJECT_VERSION = 1;
				GENERATE_INFOPLIST_FILE = YES;
				INFOPLIST_FILE = myJornal/Info.plist;
				INFOPLIST_KEY_UIApplicationSupportsIndirectInputEvents = YES;
				INFOPLIST_KEY_UILaunchStoryboardName = LaunchScreen;
				INFOPLIST_KEY_UISupportedInterfaceOrientations_iPad = "UIInterfaceOrientationPortrait UIInterfaceOrientationPortraitUpsideDown UIInterfaceOrientationLandscapeLeft UIInterfaceOrientationLandscapeRight";
				INFOPLIST_KEY_UISupportedInterfaceOrientations_iPhone = "UIInterfaceOrientationPortrait UIInterfaceOrientationLandscapeLeft UIInterfaceOrientationLandscapeRight";
				LD_RUNPATH_SEARCH_PATHS = (
					"$(inherited)",
					"@executable_path/Frameworks",
				);
				MARKETING_VERSION = 1.0;
				PRODUCT_BUNDLE_IDENTIFIER = "http--github.com-bertiGrazi.myJornal";
				PRODUCT_NAME = "$(TARGET_NAME)";
				SWIFT_EMIT_LOC_STRINGS = YES;
				SWIFT_VERSION = 5.0;
				TARGETED_DEVICE_FAMILY = "1,2";
			};
			name = Debug;
		};
		B186190B27EFDE2F0033EC8D /* Release */ = {
			isa = XCBuildConfiguration;
			buildSettings = {
				ASSETCATALOG_COMPILER_APPICON_NAME = AppIcon;
				ASSETCATALOG_COMPILER_GLOBAL_ACCENT_COLOR_NAME = AccentColor;
				CODE_SIGN_STYLE = Automatic;
				CURRENT_PROJECT_VERSION = 1;
				GENERATE_INFOPLIST_FILE = YES;
				INFOPLIST_FILE = myJornal/Info.plist;
				INFOPLIST_KEY_UIApplicationSupportsIndirectInputEvents = YES;
				INFOPLIST_KEY_UILaunchStoryboardName = LaunchScreen;
				INFOPLIST_KEY_UISupportedInterfaceOrientations_iPad = "UIInterfaceOrientationPortrait UIInterfaceOrientationPortraitUpsideDown UIInterfaceOrientationLandscapeLeft UIInterfaceOrientationLandscapeRight";
				INFOPLIST_KEY_UISupportedInterfaceOrientations_iPhone = "UIInterfaceOrientationPortrait UIInterfaceOrientationLandscapeLeft UIInterfaceOrientationLandscapeRight";
				LD_RUNPATH_SEARCH_PATHS = (
					"$(inherited)",
					"@executable_path/Frameworks",
				);
				MARKETING_VERSION = 1.0;
				PRODUCT_BUNDLE_IDENTIFIER = "http--github.com-bertiGrazi.myJornal";
				PRODUCT_NAME = "$(TARGET_NAME)";
				SWIFT_EMIT_LOC_STRINGS = YES;
				SWIFT_VERSION = 5.0;
				TARGETED_DEVICE_FAMILY = "1,2";
			};
			name = Release;
		};
		B186190D27EFDE2F0033EC8D /* Debug */ = {
			isa = XCBuildConfiguration;
			buildSettings = {
				ALWAYS_EMBED_SWIFT_STANDARD_LIBRARIES = YES;
				BUNDLE_LOADER = "$(TEST_HOST)";
				CODE_SIGN_STYLE = Automatic;
				CURRENT_PROJECT_VERSION = 1;
				GENERATE_INFOPLIST_FILE = YES;
				IPHONEOS_DEPLOYMENT_TARGET = 15.2;
				MARKETING_VERSION = 1.0;
				PRODUCT_BUNDLE_IDENTIFIER = "http--github.com-bertiGrazi.myJornalTests";
				PRODUCT_NAME = "$(TARGET_NAME)";
				SWIFT_EMIT_LOC_STRINGS = NO;
				SWIFT_VERSION = 5.0;
				TARGETED_DEVICE_FAMILY = "1,2";
				TEST_HOST = "$(BUILT_PRODUCTS_DIR)/myJornal.app/myJornal";
			};
			name = Debug;
		};
		B186190E27EFDE2F0033EC8D /* Release */ = {
			isa = XCBuildConfiguration;
			buildSettings = {
				ALWAYS_EMBED_SWIFT_STANDARD_LIBRARIES = YES;
				BUNDLE_LOADER = "$(TEST_HOST)";
				CODE_SIGN_STYLE = Automatic;
				CURRENT_PROJECT_VERSION = 1;
				GENERATE_INFOPLIST_FILE = YES;
				IPHONEOS_DEPLOYMENT_TARGET = 15.2;
				MARKETING_VERSION = 1.0;
				PRODUCT_BUNDLE_IDENTIFIER = "http--github.com-bertiGrazi.myJornalTests";
				PRODUCT_NAME = "$(TARGET_NAME)";
				SWIFT_EMIT_LOC_STRINGS = NO;
				SWIFT_VERSION = 5.0;
				TARGETED_DEVICE_FAMILY = "1,2";
				TEST_HOST = "$(BUILT_PRODUCTS_DIR)/myJornal.app/myJornal";
			};
			name = Release;
		};
		B186191027EFDE2F0033EC8D /* Debug */ = {
			isa = XCBuildConfiguration;
			buildSettings = {
				ALWAYS_EMBED_SWIFT_STANDARD_LIBRARIES = YES;
				CODE_SIGN_STYLE = Automatic;
				CURRENT_PROJECT_VERSION = 1;
				GENERATE_INFOPLIST_FILE = YES;
				MARKETING_VERSION = 1.0;
				PRODUCT_BUNDLE_IDENTIFIER = "http--github.com-bertiGrazi.myJornalUITests";
				PRODUCT_NAME = "$(TARGET_NAME)";
				SWIFT_EMIT_LOC_STRINGS = NO;
				SWIFT_VERSION = 5.0;
				TARGETED_DEVICE_FAMILY = "1,2";
				TEST_TARGET_NAME = myJornal;
			};
			name = Debug;
		};
		B186191127EFDE2F0033EC8D /* Release */ = {
			isa = XCBuildConfiguration;
			buildSettings = {
				ALWAYS_EMBED_SWIFT_STANDARD_LIBRARIES = YES;
				CODE_SIGN_STYLE = Automatic;
				CURRENT_PROJECT_VERSION = 1;
				GENERATE_INFOPLIST_FILE = YES;
				MARKETING_VERSION = 1.0;
				PRODUCT_BUNDLE_IDENTIFIER = "http--github.com-bertiGrazi.myJornalUITests";
				PRODUCT_NAME = "$(TARGET_NAME)";
				SWIFT_EMIT_LOC_STRINGS = NO;
				SWIFT_VERSION = 5.0;
				TARGETED_DEVICE_FAMILY = "1,2";
				TEST_TARGET_NAME = myJornal;
			};
			name = Release;
		};
/* End XCBuildConfiguration section */

/* Begin XCConfigurationList section */
		B18618DA27EFDE2D0033EC8D /* Build configuration list for PBXProject "myJornal" */ = {
			isa = XCConfigurationList;
			buildConfigurations = (
				B186190727EFDE2F0033EC8D /* Debug */,
				B186190827EFDE2F0033EC8D /* Release */,
			);
			defaultConfigurationIsVisible = 0;
			defaultConfigurationName = Release;
		};
		B186190927EFDE2F0033EC8D /* Build configuration list for PBXNativeTarget "myJornal" */ = {
			isa = XCConfigurationList;
			buildConfigurations = (
				B186190A27EFDE2F0033EC8D /* Debug */,
				B186190B27EFDE2F0033EC8D /* Release */,
			);
			defaultConfigurationIsVisible = 0;
			defaultConfigurationName = Release;
		};
		B186190C27EFDE2F0033EC8D /* Build configuration list for PBXNativeTarget "myJornalTests" */ = {
			isa = XCConfigurationList;
			buildConfigurations = (
				B186190D27EFDE2F0033EC8D /* Debug */,
				B186190E27EFDE2F0033EC8D /* Release */,
			);
			defaultConfigurationIsVisible = 0;
			defaultConfigurationName = Release;
		};
		B186190F27EFDE2F0033EC8D /* Build configuration list for PBXNativeTarget "myJornalUITests" */ = {
			isa = XCConfigurationList;
			buildConfigurations = (
				B186191027EFDE2F0033EC8D /* Debug */,
				B186191127EFDE2F0033EC8D /* Release */,
			);
			defaultConfigurationIsVisible = 0;
			defaultConfigurationName = Release;
		};
/* End XCConfigurationList section */
	};
	rootObject = B18618D727EFDE2D0033EC8D /* Project object */;
}
